
Microsoft Visual Studio Solution File, Format Version 12.00
# Visual Studio Version 17
VisualStudioVersion = 17.5.33414.496
MinimumVisualStudioVersion = 10.0.40219.1
Project("{FAE04EC0-301F-11D3-BF4B-00C04F79EFBC}") = "MtTapsirq", "MtTapsirq\MtTapsirq.csproj", "{CAA70997-2889-4AC4-96B9-054BD1DFF3EB}"
EndProject
Global
	GlobalSection(SolutionConfigurationPlatforms) = preSolution
		Debug|Any CPU = Debug|Any CPU
		Release|Any CPU = Release|Any CPU
	EndGlobalSection
	GlobalSection(ProjectConfigurationPlatforms) = postSolution
		{CAA70997-2889-4AC4-96B9-054BD1DFF3EB}.Debug|Any CPU.ActiveCfg = Debug|Any CPU
		{CAA70997-2889-4AC4-96B9-054BD1DFF3EB}.Debug|Any CPU.Build.0 = Debug|Any CPU
		{CAA70997-2889-4AC4-96B9-054BD1DFF3EB}.Release|Any CPU.ActiveCfg = Release|Any CPU
		{CAA70997-2889-4AC4-96B9-054BD1DFF3EB}.Release|Any CPU.Build.0 = Release|Any CPU
	EndGlobalSection
	GlobalSection(SolutionProperties) = preSolution
		HideSolutionNode = FALSE
	EndGlobalSection
	GlobalSection(ExtensibilityGlobals) = postSolution
		SolutionGuid = {E742EBC4-60BB-471C-AAF5-617736B221FB}
	EndGlobalSection
EndGlobal
